
Microsoft Visual Studio Solution File, Format Version 12.00
# Visual Studio 15
VisualStudioVersion = 15.0.28307.705
MinimumVisualStudioVersion = 10.0.40219.1
Project("{FAE04EC0-301F-11D3-BF4B-00C04F79EFBC}") = "wpf_new", "wpf_new\wpf_new.csproj", "{E0773FD5-D32F-487F-957C-678CCF97BBAC}"
	ProjectSection(ProjectDependencies) = postProject
		{0446C86B-F47B-4C46-B673-C7AE0CFF35D5} = {0446C86B-F47B-4C46-B673-C7AE0CFF35D5}
	EndProjectSection
EndProject
Project("{FAE04EC0-301F-11D3-BF4B-00C04F79EFBC}") = "ReactNative.Net46", "..\node_modules\react-native-windows\ReactWindows\ReactNative.Net46\ReactNative.Net46.csproj", "{22CBFF9C-FE36-43E8-A246-266C7635E662}"
EndProject
Project("{D954291E-2A0B-460D-934E-DC6B0785DB48}") = "ReactNative.Shared", "..\node_modules\react-native-windows\ReactWindows\ReactNative.Shared\ReactNative.Shared.shproj", "{EEA8B852-4D07-48E1-8294-A21AB5909FE5}"
EndProject
Project("{D954291E-2A0B-460D-934E-DC6B0785DB48}") = "Facebook.Yoga.Shared", "..\node_modules\react-native-windows\Yoga\csharp\Facebook.Yoga\Facebook.Yoga.Shared.shproj", "{91C42D32-291D-4B72-90B4-551663D60B8B}"
EndProject
Project("{8BC9CEB8-8B4A-11D0-8D11-00A0C91BC942}") = "yoga", "..\node_modules\react-native-windows\Yoga\csharp\Yoga\Yoga.vcxproj", "{0446C86B-F47B-4C46-B673-C7AE0CFF35D5}"
EndProject
Project("{2150E333-8FDC-42A3-9474-1A3956D46DE8}") = "Solution Items", "Solution Items", "{D53EF2D8-BCD9-4F62-A9C7-655753A90C46}"
EndProject
Global
	GlobalSection(SharedMSBuildProjectFiles) = preSolution
		..\node_modules\react-native-windows\ReactWindows\ReactNative.Shared\ReactNative.Shared.projitems*{22cbff9c-fe36-43e8-a246-266c7635e662}*SharedItemsImports = 4
		..\node_modules\react-native-windows\Yoga\csharp\Facebook.Yoga\Facebook.Yoga.Shared.projitems*{22cbff9c-fe36-43e8-a246-266c7635e662}*SharedItemsImports = 4
		..\node_modules\react-native-windows\Yoga\csharp\Facebook.Yoga\Facebook.Yoga.Shared.projitems*{91c42d32-291d-4b72-90b4-551663d60b8b}*SharedItemsImports = 13
		..\node_modules\react-native-windows\ReactWindows\ReactNative.Shared\ReactNative.Shared.projitems*{eea8b852-4d07-48e1-8294-a21ab5909fe5}*SharedItemsImports = 13
	EndGlobalSection
	GlobalSection(SolutionConfigurationPlatforms) = preSolution
		Debug|ARM = Debug|ARM
		Debug|x64 = Debug|x64
		Debug|x86 = Debug|x86
		DebugBundle|ARM = DebugBundle|ARM
		DebugBundle|x64 = DebugBundle|x64
		DebugBundle|x86 = DebugBundle|x86
		Release|ARM = Release|ARM
		Release|x64 = Release|x64
		Release|x86 = Release|x86
		ReleaseBundle|ARM = ReleaseBundle|ARM
		ReleaseBundle|x64 = ReleaseBundle|x64
		ReleaseBundle|x86 = ReleaseBundle|x86
	EndGlobalSection
	GlobalSection(ProjectConfigurationPlatforms) = postSolution
		{E0773FD5-D32F-487F-957C-678CCF97BBAC}.Debug|ARM.ActiveCfg = Debug|x86
		{E0773FD5-D32F-487F-957C-678CCF97BBAC}.Debug|x64.ActiveCfg = Debug|x64
		{E0773FD5-D32F-487F-957C-678CCF97BBAC}.Debug|x64.Build.0 = Debug|x64
		{E0773FD5-D32F-487F-957C-678CCF97BBAC}.Debug|x86.ActiveCfg = Debug|x86
		{E0773FD5-D32F-487F-957C-678CCF97BBAC}.Debug|x86.Build.0 = Debug|x86
		{E0773FD5-D32F-487F-957C-678CCF97BBAC}.DebugBundle|ARM.ActiveCfg = DebugBundle|x86
		{E0773FD5-D32F-487F-957C-678CCF97BBAC}.DebugBundle|x64.ActiveCfg = DebugBundle|x64
		{E0773FD5-D32F-487F-957C-678CCF97BBAC}.DebugBundle|x64.Build.0 = DebugBundle|x64
		{E0773FD5-D32F-487F-957C-678CCF97BBAC}.DebugBundle|x86.ActiveCfg = DebugBundle|x86
		{E0773FD5-D32F-487F-957C-678CCF97BBAC}.DebugBundle|x86.Build.0 = DebugBundle|x86
		{E0773FD5-D32F-487F-957C-678CCF97BBAC}.Release|ARM.ActiveCfg = Release|x86
		{E0773FD5-D32F-487F-957C-678CCF97BBAC}.Release|x64.ActiveCfg = Release|x64
		{E0773FD5-D32F-487F-957C-678CCF97BBAC}.Release|x64.Build.0 = Release|x64
		{E0773FD5-D32F-487F-957C-678CCF97BBAC}.Release|x86.ActiveCfg = Release|x86
		{E0773FD5-D32F-487F-957C-678CCF97BBAC}.Release|x86.Build.0 = Release|x86
		{E0773FD5-D32F-487F-957C-678CCF97BBAC}.ReleaseBundle|ARM.ActiveCfg = ReleaseBundle|x86
		{E0773FD5-D32F-487F-957C-678CCF97BBAC}.ReleaseBundle|x64.ActiveCfg = ReleaseBundle|x64
		{E0773FD5-D32F-487F-957C-678CCF97BBAC}.ReleaseBundle|x64.Build.0 = ReleaseBundle|x64
		{E0773FD5-D32F-487F-957C-678CCF97BBAC}.ReleaseBundle|x86.ActiveCfg = ReleaseBundle|x86
		{E0773FD5-D32F-487F-957C-678CCF97BBAC}.ReleaseBundle|x86.Build.0 = ReleaseBundle|x86
		{22CBFF9C-FE36-43E8-A246-266C7635E662}.Debug|ARM.ActiveCfg = Debug|ARM
		{22CBFF9C-FE36-43E8-A246-266C7635E662}.Debug|ARM.Build.0 = Debug|ARM
		{22CBFF9C-FE36-43E8-A246-266C7635E662}.Debug|x64.ActiveCfg = Debug|x64
		{22CBFF9C-FE36-43E8-A246-266C7635E662}.Debug|x64.Build.0 = Debug|x64
		{22CBFF9C-FE36-43E8-A246-266C7635E662}.Debug|x86.ActiveCfg = Debug|x86
		{22CBFF9C-FE36-43E8-A246-266C7635E662}.Debug|x86.Build.0 = Debug|x86
		{22CBFF9C-FE36-43E8-A246-266C7635E662}.DebugBundle|ARM.ActiveCfg = Debug|ARM
		{22CBFF9C-FE36-43E8-A246-266C7635E662}.DebugBundle|ARM.Build.0 = Debug|ARM
		{22CBFF9C-FE36-43E8-A246-266C7635E662}.DebugBundle|x64.ActiveCfg = Debug|x64
		{22CBFF9C-FE36-43E8-A246-266C7635E662}.DebugBundle|x64.Build.0 = Debug|x64
		{22CBFF9C-FE36-43E8-A246-266C7635E662}.DebugBundle|x86.ActiveCfg = Debug|x86
		{22CBFF9C-FE36-43E8-A246-266C7635E662}.DebugBundle|x86.Build.0 = Debug|x86
		{22CBFF9C-FE36-43E8-A246-266C7635E662}.Release|ARM.ActiveCfg = Release|ARM
		{22CBFF9C-FE36-43E8-A246-266C7635E662}.Release|ARM.Build.0 = Release|ARM
		{22CBFF9C-FE36-43E8-A246-266C7635E662}.Release|x64.ActiveCfg = Release|x64
		{22CBFF9C-FE36-43E8-A246-266C7635E662}.Release|x64.Build.0 = Release|x64
		{22CBFF9C-FE36-43E8-A246-266C7635E662}.Release|x86.ActiveCfg = Release|x86
		{22CBFF9C-FE36-43E8-A246-266C7635E662}.Release|x86.Build.0 = Release|x86
		{22CBFF9C-FE36-43E8-A246-266C7635E662}.ReleaseBundle|ARM.ActiveCfg = Release|ARM
		{22CBFF9C-FE36-43E8-A246-266C7635E662}.ReleaseBundle|ARM.Build.0 = Release|ARM
		{22CBFF9C-FE36-43E8-A246-266C7635E662}.ReleaseBundle|x64.ActiveCfg = Release|x64
		{22CBFF9C-FE36-43E8-A246-266C7635E662}.ReleaseBundle|x64.Build.0 = Release|x64
		{22CBFF9C-FE36-43E8-A246-266C7635E662}.ReleaseBundle|x86.ActiveCfg = Release|x86
		{22CBFF9C-FE36-43E8-A246-266C7635E662}.ReleaseBundle|x86.Build.0 = Release|x86
		{0446C86B-F47B-4C46-B673-C7AE0CFF35D5}.Debug|ARM.ActiveCfg = Debug|ARM
		{0446C86B-F47B-4C46-B673-C7AE0CFF35D5}.Debug|ARM.Build.0 = Debug|ARM
		{0446C86B-F47B-4C46-B673-C7AE0CFF35D5}.Debug|x64.ActiveCfg = Debug|x64
		{0446C86B-F47B-4C46-B673-C7AE0CFF35D5}.Debug|x64.Build.0 = Debug|x64
		{0446C86B-F47B-4C46-B673-C7AE0CFF35D5}.Debug|x86.ActiveCfg = Debug|Win32
		{0446C86B-F47B-4C46-B673-C7AE0CFF35D5}.Debug|x86.Build.0 = Debug|Win32
		{0446C86B-F47B-4C46-B673-C7AE0CFF35D5}.DebugBundle|ARM.ActiveCfg = Debug|ARM
		{0446C86B-F47B-4C46-B673-C7AE0CFF35D5}.DebugBundle|ARM.Build.0 = Debug|ARM
		{0446C86B-F47B-4C46-B673-C7AE0CFF35D5}.DebugBundle|x64.ActiveCfg = Debug|x64
		{0446C86B-F47B-4C46-B673-C7AE0CFF35D5}.DebugBundle|x64.Build.0 = Debug|x64
		{0446C86B-F47B-4C46-B673-C7AE0CFF35D5}.DebugBundle|x86.ActiveCfg = Debug|Win32
		{0446C86B-F47B-4C46-B673-C7AE0CFF35D5}.DebugBundle|x86.Build.0 = Debug|Win32
		{0446C86B-F47B-4C46-B673-C7AE0CFF35D5}.Release|ARM.ActiveCfg = Release|ARM
		{0446C86B-F47B-4C46-B673-C7AE0CFF35D5}.Release|ARM.Build.0 = Release|ARM
		{0446C86B-F47B-4C46-B673-C7AE0CFF35D5}.Release|x64.ActiveCfg = Release|x64
		{0446C86B-F47B-4C46-B673-C7AE0CFF35D5}.Release|x64.Build.0 = Release|x64
		{0446C86B-F47B-4C46-B673-C7AE0CFF35D5}.Release|x86.ActiveCfg = Release|Win32
		{0446C86B-F47B-4C46-B673-C7AE0CFF35D5}.Release|x86.Build.0 = Release|Win32
		{0446C86B-F47B-4C46-B673-C7AE0CFF35D5}.ReleaseBundle|ARM.ActiveCfg = Release|ARM
		{0446C86B-F47B-4C46-B673-C7AE0CFF35D5}.ReleaseBundle|ARM.Build.0 = Release|ARM
		{0446C86B-F47B-4C46-B673-C7AE0CFF35D5}.ReleaseBundle|x64.ActiveCfg = Release|x64
		{0446C86B-F47B-4C46-B673-C7AE0CFF35D5}.ReleaseBundle|x64.Build.0 = Release|x64
		{0446C86B-F47B-4C46-B673-C7AE0CFF35D5}.ReleaseBundle|x86.ActiveCfg = Release|Win32
		{0446C86B-F47B-4C46-B673-C7AE0CFF35D5}.ReleaseBundle|x86.Build.0 = Release|Win32
	EndGlobalSection
	GlobalSection(SolutionProperties) = preSolution
		HideSolutionNode = FALSE
	EndGlobalSection
	GlobalSection(ExtensibilityGlobals) = postSolution
		SolutionGuid = {B16DB64A-F53C-406B-A2F2-BF8C858C0CBB}
	EndGlobalSection
EndGlobal
